// !$*UTF8*$!
{
	archiveVersion = 1;
	classes = {
	};
	objectVersion = 46;
	objects = {

/* Begin PBXBuildFile section */
		3E0748051BBD83CC00A17030 /* README.md in Sources */ = {isa = PBXBuildFile; fileRef = 3E0747F11BBD83CC00A17030 /* README.md */; };
		3E0748061BBD83CC00A17030 /* Makefile in Sources */ = {isa = PBXBuildFile; fileRef = 3E0747F31BBD83CC00A17030 /* Makefile */; };
		3E0748071BBD83CC00A17030 /* README.md in Sources */ = {isa = PBXBuildFile; fileRef = 3E0747F41BBD83CC00A17030 /* README.md */; };
		3E0748081BBD83CC00A17030 /* cJSON.c in Sources */ = {isa = PBXBuildFile; fileRef = 3E0747F61BBD83CC00A17030 /* cJSON.c */; };
		3E0748091BBD83CC00A17030 /* livoloDecode.c in Sources */ = {isa = PBXBuildFile; fileRef = 3E0747F91BBD83CC00A17030 /* livoloDecode.c */; };
		3E07480A1BBD83CC00A17030 /* Makefile in Sources */ = {isa = PBXBuildFile; fileRef = 3E0747FA1BBD83CC00A17030 /* Makefile */; };
		3E07480B1BBD83CC00A17030 /* sniffer.c in Sources */ = {isa = PBXBuildFile; fileRef = 3E0747FC1BBD83CC00A17030 /* sniffer.c */; };
		3E07480C1BBD83CC00A17030 /* transmitter.c in Sources */ = {isa = PBXBuildFile; fileRef = 3E0747FD1BBD83CC00A17030 /* transmitter.c */; };
		3E07480D1BBD83CC00A17030 /* livolo.cpp in Sources */ = {isa = PBXBuildFile; fileRef = 3E0748011BBD83CC00A17030 /* livolo.cpp */; };
		3E07480E1BBD83CC00A17030 /* Makefile in Sources */ = {isa = PBXBuildFile; fileRef = 3E0748031BBD83CC00A17030 /* Makefile */; };
		3E0748211BC02FEE00A17030 /* codesend.cpp in Sources */ = {isa = PBXBuildFile; fileRef = 3E07481A1BC02FEE00A17030 /* codesend.cpp */; };
		3E0748221BC02FEE00A17030 /* Makefile in Sources */ = {isa = PBXBuildFile; fileRef = 3E07481B1BC02FEE00A17030 /* Makefile */; };
		3E0748231BC02FEE00A17030 /* RCSwitch.cpp in Sources */ = {isa = PBXBuildFile; fileRef = 3E07481C1BC02FEE00A17030 /* RCSwitch.cpp */; };
		3E0748241BC02FEE00A17030 /* README.md in Sources */ = {isa = PBXBuildFile; fileRef = 3E07481E1BC02FEE00A17030 /* README.md */; };
		3E0748251BC02FEE00A17030 /* RFSniffer.cpp in Sources */ = {isa = PBXBuildFile; fileRef = 3E07481F1BC02FEE00A17030 /* RFSniffer.cpp */; };
		3E0748261BC02FEE00A17030 /* send.cpp in Sources */ = {isa = PBXBuildFile; fileRef = 3E0748201BC02FEE00A17030 /* send.cpp */; };
		3E0748291BC0457A00A17030 /* livoloWrapper.c in Sources */ = {isa = PBXBuildFile; fileRef = 3E0748271BC0457A00A17030 /* livoloWrapper.c */; };
		3E0748A51BC0C5B800A17030 /* README.md in Sources */ = {isa = PBXBuildFile; fileRef = 3E0748961BC0C5B800A17030 /* README.md */; };
/* End PBXBuildFile section */

/* Begin PBXCopyFilesBuildPhase section */
		3E53B6C31BBD82E700A405A6 /* CopyFiles */ = {
			isa = PBXCopyFilesBuildPhase;
			buildActionMask = 2147483647;
			dstPath = /usr/share/man/man1/;
			dstSubfolderSpec = 0;
			files = (
			);
			runOnlyForDeploymentPostprocessing = 1;
		};
/* End PBXCopyFilesBuildPhase section */

/* Begin PBXFileReference section */
		3E0747F11BBD83CC00A17030 /* README.md */ = {isa = PBXFileReference; fileEncoding = 4; lastKnownFileType = net.daringfireball.markdown; path = README.md; sourceTree = "<group>"; };
		3E0747F31BBD83CC00A17030 /* Makefile */ = {isa = PBXFileReference; fileEncoding = 4; lastKnownFileType = sourcecode.make; path = Makefile; sourceTree = "<group>"; };
		3E0747F41BBD83CC00A17030 /* README.md */ = {isa = PBXFileReference; fileEncoding = 4; lastKnownFileType = net.daringfireball.markdown; path = README.md; sourceTree = "<group>"; };
		3E0747F61BBD83CC00A17030 /* cJSON.c */ = {isa = PBXFileReference; fileEncoding = 4; lastKnownFileType = sourcecode.c.c; path = cJSON.c; sourceTree = "<group>"; };
		3E0747F71BBD83CC00A17030 /* cJSON.h */ = {isa = PBXFileReference; fileEncoding = 4; lastKnownFileType = sourcecode.c.h; path = cJSON.h; sourceTree = "<group>"; };
		3E0747F81BBD83CC00A17030 /* LamPI.h */ = {isa = PBXFileReference; fileEncoding = 4; lastKnownFileType = sourcecode.c.h; path = LamPI.h; sourceTree = "<group>"; };
		3E0747F91BBD83CC00A17030 /* livoloDecode.c */ = {isa = PBXFileReference; fileEncoding = 4; lastKnownFileType = sourcecode.c.c; path = livoloDecode.c; sourceTree = "<group>"; };
		3E0747FA1BBD83CC00A17030 /* Makefile */ = {isa = PBXFileReference; fileEncoding = 4; lastKnownFileType = sourcecode.make; path = Makefile; sourceTree = "<group>"; };
		3E0747FB1BBD83CC00A17030 /* README.TXT */ = {isa = PBXFileReference; fileEncoding = 4; lastKnownFileType = text; path = README.TXT; sourceTree = "<group>"; };
		3E0747FC1BBD83CC00A17030 /* sniffer.c */ = {isa = PBXFileReference; fileEncoding = 4; lastKnownFileType = sourcecode.c.c; path = sniffer.c; sourceTree = "<group>"; };
		3E0747FD1BBD83CC00A17030 /* transmitter.c */ = {isa = PBXFileReference; fileEncoding = 4; lastKnownFileType = sourcecode.c.c; path = transmitter.c; sourceTree = "<group>"; };
		3E0748001BBD83CC00A17030 /* livolo */ = {isa = PBXFileReference; lastKnownFileType = file; path = livolo; sourceTree = "<group>"; };
		3E0748011BBD83CC00A17030 /* livolo.cpp */ = {isa = PBXFileReference; fileEncoding = 4; lastKnownFileType = sourcecode.cpp.cpp; path = livolo.cpp; sourceTree = "<group>"; };
		3E0748021BBD83CC00A17030 /* livolo.h */ = {isa = PBXFileReference; fileEncoding = 4; lastKnownFileType = sourcecode.c.h; path = livolo.h; sourceTree = "<group>"; };
		3E0748031BBD83CC00A17030 /* Makefile */ = {isa = PBXFileReference; fileEncoding = 4; lastKnownFileType = sourcecode.make; path = Makefile; sourceTree = "<group>"; };
		3E0748041BBD83CC00A17030 /* readme.txt */ = {isa = PBXFileReference; fileEncoding = 4; lastKnownFileType = text; path = readme.txt; sourceTree = "<group>"; };
		3E07481A1BC02FEE00A17030 /* codesend.cpp */ = {isa = PBXFileReference; fileEncoding = 4; lastKnownFileType = sourcecode.cpp.cpp; path = codesend.cpp; sourceTree = "<group>"; };
		3E07481B1BC02FEE00A17030 /* Makefile */ = {isa = PBXFileReference; fileEncoding = 4; lastKnownFileType = sourcecode.make; path = Makefile; sourceTree = "<group>"; };
		3E07481C1BC02FEE00A17030 /* RCSwitch.cpp */ = {isa = PBXFileReference; fileEncoding = 4; lastKnownFileType = sourcecode.cpp.cpp; path = RCSwitch.cpp; sourceTree = "<group>"; };
		3E07481D1BC02FEE00A17030 /* RCSwitch.h */ = {isa = PBXFileReference; fileEncoding = 4; lastKnownFileType = sourcecode.c.h; path = RCSwitch.h; sourceTree = "<group>"; };
		3E07481E1BC02FEE00A17030 /* README.md */ = {isa = PBXFileReference; fileEncoding = 4; lastKnownFileType = net.daringfireball.markdown; path = README.md; sourceTree = "<group>"; };
		3E07481F1BC02FEE00A17030 /* RFSniffer.cpp */ = {isa = PBXFileReference; fileEncoding = 4; lastKnownFileType = sourcecode.cpp.cpp; path = RFSniffer.cpp; sourceTree = "<group>"; };
		3E0748201BC02FEE00A17030 /* send.cpp */ = {isa = PBXFileReference; fileEncoding = 4; lastKnownFileType = sourcecode.cpp.cpp; path = send.cpp; sourceTree = "<group>"; };
		3E0748271BC0457A00A17030 /* livoloWrapper.c */ = {isa = PBXFileReference; fileEncoding = 4; lastKnownFileType = sourcecode.c.c; path = livoloWrapper.c; sourceTree = "<group>"; };
		3E0748281BC0457A00A17030 /* livoloWrapper.h */ = {isa = PBXFileReference; fileEncoding = 4; lastKnownFileType = sourcecode.c.h; path = livoloWrapper.h; sourceTree = "<group>"; };
		3E07482E1BC04AD800A17030 /* send.js */ = {isa = PBXFileReference; fileEncoding = 4; lastKnownFileType = sourcecode.javascript; path = send.js; sourceTree = "<group>"; };
		3E0748301BC0C5B800A17030 /* development.json */ = {isa = PBXFileReference; fileEncoding = 4; lastKnownFileType = text.json; path = development.json; sourceTree = "<group>"; };
		3E0748311BC0C5B800A17030 /* heimcontrol.js */ = {isa = PBXFileReference; fileEncoding = 4; lastKnownFileType = sourcecode.javascript; path = heimcontrol.js; sourceTree = "<group>"; };
		3E0748331BC0C5B800A17030 /* PluginHelper.js */ = {isa = PBXFileReference; fileEncoding = 4; lastKnownFileType = sourcecode.javascript; path = PluginHelper.js; sourceTree = "<group>"; };
		3E0748341BC0C5B800A17030 /* LICENSE */ = {isa = PBXFileReference; fileEncoding = 4; lastKnownFileType = text; path = LICENSE; sourceTree = "<group>"; };
		3E0748351BC0C5B800A17030 /* package.json */ = {isa = PBXFileReference; fileEncoding = 4; lastKnownFileType = text.json; path = package.json; sourceTree = "<group>"; };
		3E0748421BC0C5B800A17030 /* index.js */ = {isa = PBXFileReference; fileEncoding = 4; lastKnownFileType = sourcecode.javascript; path = index.js; sourceTree = "<group>"; };
		3E0748451BC0C5B800A17030 /* gpio.css */ = {isa = PBXFileReference; fileEncoding = 4; lastKnownFileType = text.css; path = gpio.css; sourceTree = "<group>"; };
		3E0748471BC0C5B800A17030 /* gpio.js */ = {isa = PBXFileReference; fileEncoding = 4; lastKnownFileType = sourcecode.javascript; path = gpio.js; sourceTree = "<group>"; };
		3E0748491BC0C5B800A17030 /* item.jade */ = {isa = PBXFileReference; fileEncoding = 4; lastKnownFileType = text; path = item.jade; sourceTree = "<group>"; };
		3E07484A1BC0C5B800A17030 /* settings.jade */ = {isa = PBXFileReference; fileEncoding = 4; lastKnownFileType = text; path = settings.jade; sourceTree = "<group>"; };
		3E07486C1BC0C5B800A17030 /* apple-touch-icon-114x114.png */ = {isa = PBXFileReference; lastKnownFileType = image.png; path = "apple-touch-icon-114x114.png"; sourceTree = "<group>"; };
		3E07486D1BC0C5B800A17030 /* apple-touch-icon-144x144.png */ = {isa = PBXFileReference; lastKnownFileType = image.png; path = "apple-touch-icon-144x144.png"; sourceTree = "<group>"; };
		3E07486E1BC0C5B800A17030 /* apple-touch-icon-57x57.png */ = {isa = PBXFileReference; lastKnownFileType = image.png; path = "apple-touch-icon-57x57.png"; sourceTree = "<group>"; };
		3E07486F1BC0C5B800A17030 /* apple-touch-icon-72x72.png */ = {isa = PBXFileReference; lastKnownFileType = image.png; path = "apple-touch-icon-72x72.png"; sourceTree = "<group>"; };
		3E0748711BC0C5B800A17030 /* bootstrap-responsive.min.css */ = {isa = PBXFileReference; fileEncoding = 4; lastKnownFileType = text.css; path = "bootstrap-responsive.min.css"; sourceTree = "<group>"; };
		3E0748721BC0C5B800A17030 /* bootstrap.min.css */ = {isa = PBXFileReference; fileEncoding = 4; lastKnownFileType = text.css; path = bootstrap.min.css; sourceTree = "<group>"; };
		3E0748731BC0C5B800A17030 /* font-awesome.min.css */ = {isa = PBXFileReference; fileEncoding = 4; lastKnownFileType = text.css; path = "font-awesome.min.css"; sourceTree = "<group>"; };
		3E0748741BC0C5B800A17030 /* heimcontrol.css */ = {isa = PBXFileReference; fileEncoding = 4; lastKnownFileType = text.css; path = heimcontrol.css; sourceTree = "<group>"; };
		3E0748761BC0C5B800A17030 /* amelia.css */ = {isa = PBXFileReference; fileEncoding = 4; lastKnownFileType = text.css; path = amelia.css; sourceTree = "<group>"; };
		3E0748771BC0C5B800A17030 /* cerulean.css */ = {isa = PBXFileReference; fileEncoding = 4; lastKnownFileType = text.css; path = cerulean.css; sourceTree = "<group>"; };
		3E0748781BC0C5B800A17030 /* cosmo.css */ = {isa = PBXFileReference; fileEncoding = 4; lastKnownFileType = text.css; path = cosmo.css; sourceTree = "<group>"; };
		3E0748791BC0C5B800A17030 /* cyborg.css */ = {isa = PBXFileReference; fileEncoding = 4; lastKnownFileType = text.css; path = cyborg.css; sourceTree = "<group>"; };
		3E07487A1BC0C5B800A17030 /* journal.css */ = {isa = PBXFileReference; fileEncoding = 4; lastKnownFileType = text.css; path = journal.css; sourceTree = "<group>"; };
		3E07487B1BC0C5B800A17030 /* readable.css */ = {isa = PBXFileReference; fileEncoding = 4; lastKnownFileType = text.css; path = readable.css; sourceTree = "<group>"; };
		3E07487C1BC0C5B800A17030 /* simplex.css */ = {isa = PBXFileReference; fileEncoding = 4; lastKnownFileType = text.css; path = simplex.css; sourceTree = "<group>"; };
		3E07487D1BC0C5B800A17030 /* slate.css */ = {isa = PBXFileReference; fileEncoding = 4; lastKnownFileType = text.css; path = slate.css; sourceTree = "<group>"; };
		3E07487E1BC0C5B800A17030 /* spacelab.css */ = {isa = PBXFileReference; fileEncoding = 4; lastKnownFileType = text.css; path = spacelab.css; sourceTree = "<group>"; };
		3E07487F1BC0C5B800A17030 /* spruce.css */ = {isa = PBXFileReference; fileEncoding = 4; lastKnownFileType = text.css; path = spruce.css; sourceTree = "<group>"; };
		3E0748801BC0C5B800A17030 /* superhero.css */ = {isa = PBXFileReference; fileEncoding = 4; lastKnownFileType = text.css; path = superhero.css; sourceTree = "<group>"; };
		3E0748811BC0C5B800A17030 /* united.css */ = {isa = PBXFileReference; fileEncoding = 4; lastKnownFileType = text.css; path = united.css; sourceTree = "<group>"; };
		3E0748831BC0C5B800A17030 /* fontawesome-webfont.eot */ = {isa = PBXFileReference; lastKnownFileType = file; path = "fontawesome-webfont.eot"; sourceTree = "<group>"; };
		3E0748841BC0C5B800A17030 /* fontawesome-webfont.svg */ = {isa = PBXFileReference; fileEncoding = 4; lastKnownFileType = text.xml; path = "fontawesome-webfont.svg"; sourceTree = "<group>"; };
		3E0748851BC0C5B800A17030 /* fontawesome-webfont.ttf */ = {isa = PBXFileReference; lastKnownFileType = file; path = "fontawesome-webfont.ttf"; sourceTree = "<group>"; };
		3E0748861BC0C5B800A17030 /* fontawesome-webfont.woff */ = {isa = PBXFileReference; lastKnownFileType = file; path = "fontawesome-webfont.woff"; sourceTree = "<group>"; };
		3E0748871BC0C5B800A17030 /* FontAwesome.otf */ = {isa = PBXFileReference; lastKnownFileType = file; path = FontAwesome.otf; sourceTree = "<group>"; };
		3E0748881BC0C5B800A17030 /* heimcontrol.ico */ = {isa = PBXFileReference; lastKnownFileType = image.ico; path = heimcontrol.ico; sourceTree = "<group>"; };
		3E07488A1BC0C5B800A17030 /* glyphicons-halflings-white.png */ = {isa = PBXFileReference; lastKnownFileType = image.png; path = "glyphicons-halflings-white.png"; sourceTree = "<group>"; };
		3E07488B1BC0C5B800A17030 /* glyphicons-halflings.png */ = {isa = PBXFileReference; lastKnownFileType = image.png; path = "glyphicons-halflings.png"; sourceTree = "<group>"; };
		3E07488C1BC0C5B800A17030 /* heimcontrol.png */ = {isa = PBXFileReference; lastKnownFileType = image.png; path = heimcontrol.png; sourceTree = "<group>"; };
		3E07488D1BC0C5B800A17030 /* white.jpg */ = {isa = PBXFileReference; lastKnownFileType = image.jpeg; path = white.jpg; sourceTree = "<group>"; };
		3E07488F1BC0C5B800A17030 /* bootstrap.min.js */ = {isa = PBXFileReference; fileEncoding = 4; lastKnownFileType = sourcecode.javascript; path = bootstrap.min.js; sourceTree = "<group>"; };
		3E0748901BC0C5B800A17030 /* colourwheel.js */ = {isa = PBXFileReference; fileEncoding = 4; lastKnownFileType = sourcecode.javascript; path = colourwheel.js; sourceTree = "<group>"; };
		3E0748911BC0C5B800A17030 /* delivery.js */ = {isa = PBXFileReference; fileEncoding = 4; lastKnownFileType = sourcecode.javascript; path = delivery.js; sourceTree = "<group>"; };
		3E0748921BC0C5B800A17030 /* jquery.cookie.js */ = {isa = PBXFileReference; fileEncoding = 4; lastKnownFileType = sourcecode.javascript; path = jquery.cookie.js; sourceTree = "<group>"; };
		3E0748931BC0C5B800A17030 /* main.js */ = {isa = PBXFileReference; fileEncoding = 4; lastKnownFileType = sourcecode.javascript; path = main.js; sourceTree = "<group>"; };
		3E0748941BC0C5B800A17030 /* raphael.js */ = {isa = PBXFileReference; fileEncoding = 4; lastKnownFileType = sourcecode.javascript; path = raphael.js; sourceTree = "<group>"; };
		3E0748951BC0C5B800A17030 /* require-jquery.js */ = {isa = PBXFileReference; fileEncoding = 4; lastKnownFileType = sourcecode.javascript; path = "require-jquery.js"; sourceTree = "<group>"; };
		3E0748961BC0C5B800A17030 /* README.md */ = {isa = PBXFileReference; fileEncoding = 4; lastKnownFileType = net.daringfireball.markdown; path = README.md; sourceTree = "<group>"; };
		3E0748981BC0C5B800A17030 /* index.js */ = {isa = PBXFileReference; fileEncoding = 4; lastKnownFileType = sourcecode.javascript; path = index.js; sourceTree = "<group>"; };
		3E07489A1BC0C5B800A17030 /* 404.jade */ = {isa = PBXFileReference; fileEncoding = 4; lastKnownFileType = text; path = 404.jade; sourceTree = "<group>"; };
		3E07489B1BC0C5B800A17030 /* 500.jade */ = {isa = PBXFileReference; fileEncoding = 4; lastKnownFileType = text; path = 500.jade; sourceTree = "<group>"; };
		3E07489D1BC0C5B800A17030 /* messages.jade */ = {isa = PBXFileReference; fileEncoding = 4; lastKnownFileType = text; path = messages.jade; sourceTree = "<group>"; };
		3E07489E1BC0C5B800A17030 /* index.jade */ = {isa = PBXFileReference; fileEncoding = 4; lastKnownFileType = text; path = index.jade; sourceTree = "<group>"; };
		3E07489F1BC0C5B800A17030 /* layout.jade */ = {isa = PBXFileReference; fileEncoding = 4; lastKnownFileType = text; path = layout.jade; sourceTree = "<group>"; };
		3E0748A01BC0C5B800A17030 /* login.jade */ = {isa = PBXFileReference; fileEncoding = 4; lastKnownFileType = text; path = login.jade; sourceTree = "<group>"; };
		3E0748A11BC0C5B800A17030 /* plugin-settings.jade */ = {isa = PBXFileReference; fileEncoding = 4; lastKnownFileType = text; path = "plugin-settings.jade"; sourceTree = "<group>"; };
		3E0748A21BC0C5B800A17030 /* register.jade */ = {isa = PBXFileReference; fileEncoding = 4; lastKnownFileType = text; path = register.jade; sourceTree = "<group>"; };
		3E0748A31BC0C5B800A17030 /* settings.jade */ = {isa = PBXFileReference; fileEncoding = 4; lastKnownFileType = text; path = settings.jade; sourceTree = "<group>"; };
		3E0748A41BC0C5B800A17030 /* yuidoc.json */ = {isa = PBXFileReference; fileEncoding = 4; lastKnownFileType = text.json; path = yuidoc.json; sourceTree = "<group>"; };
		3E0748B11BC0C68900A17030 /* index.js */ = {isa = PBXFileReference; fileEncoding = 4; lastKnownFileType = sourcecode.javascript; path = index.js; sourceTree = "<group>"; };
		3E0748B41BC0C68900A17030 /* livolo.css */ = {isa = PBXFileReference; fileEncoding = 4; lastKnownFileType = text.css; path = livolo.css; sourceTree = "<group>"; };
		3E0748B71BC0C68900A17030 /* livolo.js */ = {isa = PBXFileReference; fileEncoding = 4; lastKnownFileType = sourcecode.javascript; path = livolo.js; sourceTree = "<group>"; };
		3E0748B91BC0C68900A17030 /* item.jade */ = {isa = PBXFileReference; fileEncoding = 4; lastKnownFileType = text; path = item.jade; sourceTree = "<group>"; };
		3E0748BA1BC0C68900A17030 /* settings.jade */ = {isa = PBXFileReference; fileEncoding = 4; lastKnownFileType = text; path = settings.jade; sourceTree = "<group>"; };
		3E53B6C51BBD82E700A405A6 /* SmartHome */ = {isa = PBXFileReference; explicitFileType = "compiled.mach-o.executable"; includeInIndex = 0; path = SmartHome; sourceTree = BUILT_PRODUCTS_DIR; };
/* End PBXFileReference section */

/* Begin PBXFrameworksBuildPhase section */
		3E53B6C21BBD82E700A405A6 /* Frameworks */ = {
			isa = PBXFrameworksBuildPhase;
			buildActionMask = 2147483647;
			files = (
			);
			runOnlyForDeploymentPostprocessing = 0;
		};
/* End PBXFrameworksBuildPhase section */

/* Begin PBXGroup section */
		3E0747F21BBD83CC00A17030 /* receivers */ = {
			isa = PBXGroup;
			children = (
				3E0747F31BBD83CC00A17030 /* Makefile */,
				3E0747F41BBD83CC00A17030 /* README.md */,
				3E0747F51BBD83CC00A17030 /* sniffer */,
			);
			path = receivers;
			sourceTree = "<group>";
		};
		3E0747F51BBD83CC00A17030 /* sniffer */ = {
			isa = PBXGroup;
			children = (
				3E0747F61BBD83CC00A17030 /* cJSON.c */,
				3E0747F71BBD83CC00A17030 /* cJSON.h */,
				3E0747F81BBD83CC00A17030 /* LamPI.h */,
				3E0747F91BBD83CC00A17030 /* livoloDecode.c */,
				3E0747FA1BBD83CC00A17030 /* Makefile */,
				3E0747FB1BBD83CC00A17030 /* README.TXT */,
				3E0747FC1BBD83CC00A17030 /* sniffer.c */,
				3E0747FD1BBD83CC00A17030 /* transmitter.c */,
			);
			path = sniffer;
			sourceTree = "<group>";
		};
		3E0747FE1BBD83CC00A17030 /* transmitters */ = {
			isa = PBXGroup;
			children = (
				3E0747FF1BBD83CC00A17030 /* livolo */,
			);
			path = transmitters;
			sourceTree = "<group>";
		};
		3E0747FF1BBD83CC00A17030 /* livolo */ = {
			isa = PBXGroup;
			children = (
				3E0748001BBD83CC00A17030 /* livolo */,
				3E0748011BBD83CC00A17030 /* livolo.cpp */,
				3E0748021BBD83CC00A17030 /* livolo.h */,
				3E0748031BBD83CC00A17030 /* Makefile */,
				3E0748041BBD83CC00A17030 /* readme.txt */,
				3E0748271BC0457A00A17030 /* livoloWrapper.c */,
				3E0748281BC0457A00A17030 /* livoloWrapper.h */,
			);
			path = livolo;
			sourceTree = "<group>";
		};
		3E0748191BC02FEE00A17030 /* RPi_utils */ = {
			isa = PBXGroup;
			children = (
				3E07481A1BC02FEE00A17030 /* codesend.cpp */,
				3E07481B1BC02FEE00A17030 /* Makefile */,
				3E07481C1BC02FEE00A17030 /* RCSwitch.cpp */,
				3E07481D1BC02FEE00A17030 /* RCSwitch.h */,
				3E07481E1BC02FEE00A17030 /* README.md */,
				3E07481F1BC02FEE00A17030 /* RFSniffer.cpp */,
				3E0748201BC02FEE00A17030 /* send.cpp */,
			);
			path = RPi_utils;
			sourceTree = "<group>";
		};
		3E07482D1BC04ACC00A17030 /* www */ = {
			isa = PBXGroup;
			children = (
				3E07482F1BC0C5B800A17030 /* config */,
				3E0748311BC0C5B800A17030 /* heimcontrol.js */,
				3E0748321BC0C5B800A17030 /* libs */,
				3E0748341BC0C5B800A17030 /* LICENSE */,
				3E0748351BC0C5B800A17030 /* package.json */,
				3E0748361BC0C5B800A17030 /* plugins */,
				3E07486B1BC0C5B800A17030 /* public */,
				3E0748961BC0C5B800A17030 /* README.md */,
				3E0748971BC0C5B800A17030 /* routes */,
				3E0748991BC0C5B800A17030 /* views */,
				3E0748A41BC0C5B800A17030 /* yuidoc.json */,
				3E07482E1BC04AD800A17030 /* send.js */,
			);
			path = www;
			sourceTree = "<group>";
		};
		3E07482F1BC0C5B800A17030 /* config */ = {
			isa = PBXGroup;
			children = (
				3E0748301BC0C5B800A17030 /* development.json */,
			);
			path = config;
			sourceTree = "<group>";
		};
		3E0748321BC0C5B800A17030 /* libs */ = {
			isa = PBXGroup;
			children = (
				3E0748331BC0C5B800A17030 /* PluginHelper.js */,
			);
			path = libs;
			sourceTree = "<group>";
		};
		3E0748361BC0C5B800A17030 /* plugins */ = {
			isa = PBXGroup;
			children = (
				3E0748411BC0C5B800A17030 /* gpio */,
				3E07484B1BC0C5B800A17030 /* livolo */,
			);
			path = plugins;
			sourceTree = "<group>";
		};
		3E0748411BC0C5B800A17030 /* gpio */ = {
			isa = PBXGroup;
			children = (
				3E0748421BC0C5B800A17030 /* index.js */,
				3E0748431BC0C5B800A17030 /* public */,
				3E0748481BC0C5B800A17030 /* views */,
			);
			path = gpio;
			sourceTree = "<group>";
		};
		3E0748431BC0C5B800A17030 /* public */ = {
			isa = PBXGroup;
			children = (
				3E0748441BC0C5B800A17030 /* css */,
				3E0748461BC0C5B800A17030 /* js */,
			);
			path = public;
			sourceTree = "<group>";
		};
		3E0748441BC0C5B800A17030 /* css */ = {
			isa = PBXGroup;
			children = (
				3E0748451BC0C5B800A17030 /* gpio.css */,
			);
			path = css;
			sourceTree = "<group>";
		};
		3E0748461BC0C5B800A17030 /* js */ = {
			isa = PBXGroup;
			children = (
				3E0748471BC0C5B800A17030 /* gpio.js */,
			);
			path = js;
			sourceTree = "<group>";
		};
		3E0748481BC0C5B800A17030 /* views */ = {
			isa = PBXGroup;
			children = (
				3E0748491BC0C5B800A17030 /* item.jade */,
				3E07484A1BC0C5B800A17030 /* settings.jade */,
			);
			path = views;
			sourceTree = "<group>";
		};
		3E07484B1BC0C5B800A17030 /* livolo */ = {
			isa = PBXGroup;
			children = (
				3E0748B11BC0C68900A17030 /* index.js */,
				3E0748B21BC0C68900A17030 /* public */,
				3E0748B81BC0C68900A17030 /* views */,
			);
			path = livolo;
			sourceTree = "<group>";
		};
		3E07486B1BC0C5B800A17030 /* public */ = {
			isa = PBXGroup;
			children = (
				3E07486C1BC0C5B800A17030 /* apple-touch-icon-114x114.png */,
				3E07486D1BC0C5B800A17030 /* apple-touch-icon-144x144.png */,
				3E07486E1BC0C5B800A17030 /* apple-touch-icon-57x57.png */,
				3E07486F1BC0C5B800A17030 /* apple-touch-icon-72x72.png */,
				3E0748701BC0C5B800A17030 /* css */,
				3E0748821BC0C5B800A17030 /* font */,
				3E0748881BC0C5B800A17030 /* heimcontrol.ico */,
				3E0748891BC0C5B800A17030 /* img */,
				3E07488E1BC0C5B800A17030 /* js */,
			);
			path = public;
			sourceTree = "<group>";
		};
		3E0748701BC0C5B800A17030 /* css */ = {
			isa = PBXGroup;
			children = (
				3E0748711BC0C5B800A17030 /* bootstrap-responsive.min.css */,
				3E0748721BC0C5B800A17030 /* bootstrap.min.css */,
				3E0748731BC0C5B800A17030 /* font-awesome.min.css */,
				3E0748741BC0C5B800A17030 /* heimcontrol.css */,
				3E0748751BC0C5B800A17030 /* themes */,
			);
			path = css;
			sourceTree = "<group>";
		};
		3E0748751BC0C5B800A17030 /* themes */ = {
			isa = PBXGroup;
			children = (
				3E0748761BC0C5B800A17030 /* amelia.css */,
				3E0748771BC0C5B800A17030 /* cerulean.css */,
				3E0748781BC0C5B800A17030 /* cosmo.css */,
				3E0748791BC0C5B800A17030 /* cyborg.css */,
				3E07487A1BC0C5B800A17030 /* journal.css */,
				3E07487B1BC0C5B800A17030 /* readable.css */,
				3E07487C1BC0C5B800A17030 /* simplex.css */,
				3E07487D1BC0C5B800A17030 /* slate.css */,
				3E07487E1BC0C5B800A17030 /* spacelab.css */,
				3E07487F1BC0C5B800A17030 /* spruce.css */,
				3E0748801BC0C5B800A17030 /* superhero.css */,
				3E0748811BC0C5B800A17030 /* united.css */,
			);
			path = themes;
			sourceTree = "<group>";
		};
		3E0748821BC0C5B800A17030 /* font */ = {
			isa = PBXGroup;
			children = (
				3E0748831BC0C5B800A17030 /* fontawesome-webfont.eot */,
				3E0748841BC0C5B800A17030 /* fontawesome-webfont.svg */,
				3E0748851BC0C5B800A17030 /* fontawesome-webfont.ttf */,
				3E0748861BC0C5B800A17030 /* fontawesome-webfont.woff */,
				3E0748871BC0C5B800A17030 /* FontAwesome.otf */,
			);
			path = font;
			sourceTree = "<group>";
		};
		3E0748891BC0C5B800A17030 /* img */ = {
			isa = PBXGroup;
			children = (
				3E07488A1BC0C5B800A17030 /* glyphicons-halflings-white.png */,
				3E07488B1BC0C5B800A17030 /* glyphicons-halflings.png */,
				3E07488C1BC0C5B800A17030 /* heimcontrol.png */,
				3E07488D1BC0C5B800A17030 /* white.jpg */,
			);
			path = img;
			sourceTree = "<group>";
		};
		3E07488E1BC0C5B800A17030 /* js */ = {
			isa = PBXGroup;
			children = (
				3E07488F1BC0C5B800A17030 /* bootstrap.min.js */,
				3E0748901BC0C5B800A17030 /* colourwheel.js */,
				3E0748911BC0C5B800A17030 /* delivery.js */,
				3E0748921BC0C5B800A17030 /* jquery.cookie.js */,
				3E0748931BC0C5B800A17030 /* main.js */,
				3E0748941BC0C5B800A17030 /* raphael.js */,
				3E0748951BC0C5B800A17030 /* require-jquery.js */,
			);
			path = js;
			sourceTree = "<group>";
		};
		3E0748971BC0C5B800A17030 /* routes */ = {
			isa = PBXGroup;
			children = (
				3E0748981BC0C5B800A17030 /* index.js */,
			);
			path = routes;
			sourceTree = "<group>";
		};
		3E0748991BC0C5B800A17030 /* views */ = {
			isa = PBXGroup;
			children = (
				3E07489A1BC0C5B800A17030 /* 404.jade */,
				3E07489B1BC0C5B800A17030 /* 500.jade */,
				3E07489C1BC0C5B800A17030 /* includes */,
				3E07489E1BC0C5B800A17030 /* index.jade */,
				3E07489F1BC0C5B800A17030 /* layout.jade */,
				3E0748A01BC0C5B800A17030 /* login.jade */,
				3E0748A11BC0C5B800A17030 /* plugin-settings.jade */,
				3E0748A21BC0C5B800A17030 /* register.jade */,
				3E0748A31BC0C5B800A17030 /* settings.jade */,
			);
			path = views;
			sourceTree = "<group>";
		};
		3E07489C1BC0C5B800A17030 /* includes */ = {
			isa = PBXGroup;
			children = (
				3E07489D1BC0C5B800A17030 /* messages.jade */,
			);
			path = includes;
			sourceTree = "<group>";
		};
		3E0748B21BC0C68900A17030 /* public */ = {
			isa = PBXGroup;
			children = (
				3E0748B31BC0C68900A17030 /* css */,
				3E0748B51BC0C68900A17030 /* js */,
			);
			path = public;
			sourceTree = "<group>";
		};
		3E0748B31BC0C68900A17030 /* css */ = {
			isa = PBXGroup;
			children = (
				3E0748B41BC0C68900A17030 /* livolo.css */,
			);
			path = css;
			sourceTree = "<group>";
		};
		3E0748B51BC0C68900A17030 /* js */ = {
			isa = PBXGroup;
			children = (
				3E0748B71BC0C68900A17030 /* livolo.js */,
			);
			path = js;
			sourceTree = "<group>";
		};
		3E0748B81BC0C68900A17030 /* views */ = {
			isa = PBXGroup;
			children = (
				3E0748B91BC0C68900A17030 /* item.jade */,
				3E0748BA1BC0C68900A17030 /* settings.jade */,
			);
			path = views;
			sourceTree = "<group>";
		};
		3E53B6BC1BBD82E700A405A6 = {
			isa = PBXGroup;
			children = (
				3E07482D1BC04ACC00A17030 /* www */,
				3E0748191BC02FEE00A17030 /* RPi_utils */,
				3E0747F11BBD83CC00A17030 /* README.md */,
				3E0747F21BBD83CC00A17030 /* receivers */,
				3E0747FE1BBD83CC00A17030 /* transmitters */,
				3E53B6C61BBD82E700A405A6 /* Products */,
			);
			sourceTree = "<group>";
		};
		3E53B6C61BBD82E700A405A6 /* Products */ = {
			isa = PBXGroup;
			children = (
				3E53B6C51BBD82E700A405A6 /* SmartHome */,
			);
			name = Products;
			sourceTree = "<group>";
		};
/* End PBXGroup section */

/* Begin PBXNativeTarget section */
		3E53B6C41BBD82E700A405A6 /* SmartHome */ = {
			isa = PBXNativeTarget;
			buildConfigurationList = 3E53B6CC1BBD82E700A405A6 /* Build configuration list for PBXNativeTarget "SmartHome" */;
			buildPhases = (
				3E53B6C11BBD82E700A405A6 /* Sources */,
				3E53B6C21BBD82E700A405A6 /* Frameworks */,
				3E53B6C31BBD82E700A405A6 /* CopyFiles */,
			);
			buildRules = (
			);
			dependencies = (
			);
			name = SmartHome;
			productName = SmartHome;
			productReference = 3E53B6C51BBD82E700A405A6 /* SmartHome */;
			productType = "com.apple.product-type.tool";
		};
/* End PBXNativeTarget section */

/* Begin PBXProject section */
		3E53B6BD1BBD82E700A405A6 /* Project object */ = {
			isa = PBXProject;
			attributes = {
				LastUpgradeCheck = 0610;
				ORGANIZATIONNAME = "Raffles Gun";
				TargetAttributes = {
					3E53B6C41BBD82E700A405A6 = {
						CreatedOnToolsVersion = 6.1.1;
					};
				};
			};
			buildConfigurationList = 3E53B6C01BBD82E700A405A6 /* Build configuration list for PBXProject "SmartHome" */;
			compatibilityVersion = "Xcode 3.2";
			developmentRegion = English;
			hasScannedForEncodings = 0;
			knownRegions = (
				en,
			);
			mainGroup = 3E53B6BC1BBD82E700A405A6;
			productRefGroup = 3E53B6C61BBD82E700A405A6 /* Products */;
			projectDirPath = "";
			projectRoot = "";
			targets = (
				3E53B6C41BBD82E700A405A6 /* SmartHome */,
			);
		};
/* End PBXProject section */

/* Begin PBXSourcesBuildPhase section */
		3E53B6C11BBD82E700A405A6 /* Sources */ = {
			isa = PBXSourcesBuildPhase;
			buildActionMask = 2147483647;
			files = (
				3E07480D1BBD83CC00A17030 /* livolo.cpp in Sources */,
				3E0748091BBD83CC00A17030 /* livoloDecode.c in Sources */,
				3E0748061BBD83CC00A17030 /* Makefile in Sources */,
				3E07480E1BBD83CC00A17030 /* Makefile in Sources */,
				3E0748051BBD83CC00A17030 /* README.md in Sources */,
				3E0748071BBD83CC00A17030 /* README.md in Sources */,
				3E0748A51BC0C5B800A17030 /* README.md in Sources */,
				3E0748241BC02FEE00A17030 /* README.md in Sources */,
				3E0748211BC02FEE00A17030 /* codesend.cpp in Sources */,
				3E0748231BC02FEE00A17030 /* RCSwitch.cpp in Sources */,
				3E0748081BBD83CC00A17030 /* cJSON.c in Sources */,
				3E0748261BC02FEE00A17030 /* send.cpp in Sources */,
				3E07480A1BBD83CC00A17030 /* Makefile in Sources */,
				3E07480C1BBD83CC00A17030 /* transmitter.c in Sources */,
				3E0748221BC02FEE00A17030 /* Makefile in Sources */,
				3E0748251BC02FEE00A17030 /* RFSniffer.cpp in Sources */,
				3E07480B1BBD83CC00A17030 /* sniffer.c in Sources */,
				3E0748291BC0457A00A17030 /* livoloWrapper.c in Sources */,
			);
			runOnlyForDeploymentPostprocessing = 0;
		};
/* End PBXSourcesBuildPhase section */

/* Begin XCBuildConfiguration section */
		3E53B6CA1BBD82E700A405A6 /* Debug */ = {
			isa = XCBuildConfiguration;
			buildSettings = {
				ALWAYS_SEARCH_USER_PATHS = NO;
				CLANG_CXX_LANGUAGE_STANDARD = "gnu++0x";
				CLANG_CXX_LIBRARY = "libc++";
				CLANG_ENABLE_MODULES = YES;
				CLANG_ENABLE_OBJC_ARC = YES;
				CLANG_WARN_BOOL_CONVERSION = YES;
				CLANG_WARN_CONSTANT_CONVERSION = YES;
				CLANG_WARN_DIRECT_OBJC_ISA_USAGE = YES_ERROR;
				CLANG_WARN_EMPTY_BODY = YES;
				CLANG_WARN_ENUM_CONVERSION = YES;
				CLANG_WARN_INT_CONVERSION = YES;
				CLANG_WARN_OBJC_ROOT_CLASS = YES_ERROR;
				CLANG_WARN_UNREACHABLE_CODE = YES;
				CLANG_WARN__DUPLICATE_METHOD_MATCH = YES;
				COPY_PHASE_STRIP = NO;
				ENABLE_STRICT_OBJC_MSGSEND = YES;
				GCC_C_LANGUAGE_STANDARD = gnu99;
				GCC_DYNAMIC_NO_PIC = NO;
				GCC_OPTIMIZATION_LEVEL = 0;
				GCC_PREPROCESSOR_DEFINITIONS = (
					"DEBUG=1",
					"$(inherited)",
				);
				GCC_SYMBOLS_PRIVATE_EXTERN = NO;
				GCC_WARN_64_TO_32_BIT_CONVERSION = YES;
				GCC_WARN_ABOUT_RETURN_TYPE = YES_ERROR;
				GCC_WARN_UNDECLARED_SELECTOR = YES;
				GCC_WARN_UNINITIALIZED_AUTOS = YES_AGGRESSIVE;
				GCC_WARN_UNUSED_FUNCTION = YES;
				GCC_WARN_UNUSED_VARIABLE = YES;
				MACOSX_DEPLOYMENT_TARGET = 10.10;
				MTL_ENABLE_DEBUG_INFO = YES;
				ONLY_ACTIVE_ARCH = YES;
				SDKROOT = macosx;
			};
			name = Debug;
		};
		3E53B6CB1BBD82E700A405A6 /* Release */ = {
			isa = XCBuildConfiguration;
			buildSettings = {
				ALWAYS_SEARCH_USER_PATHS = NO;
				CLANG_CXX_LANGUAGE_STANDARD = "gnu++0x";
				CLANG_CXX_LIBRARY = "libc++";
				CLANG_ENABLE_MODULES = YES;
				CLANG_ENABLE_OBJC_ARC = YES;
				CLANG_WARN_BOOL_CONVERSION = YES;
				CLANG_WARN_CONSTANT_CONVERSION = YES;
				CLANG_WARN_DIRECT_OBJC_ISA_USAGE = YES_ERROR;
				CLANG_WARN_EMPTY_BODY = YES;
				CLANG_WARN_ENUM_CONVERSION = YES;
				CLANG_WARN_INT_CONVERSION = YES;
				CLANG_WARN_OBJC_ROOT_CLASS = YES_ERROR;
				CLANG_WARN_UNREACHABLE_CODE = YES;
				CLANG_WARN__DUPLICATE_METHOD_MATCH = YES;
				COPY_PHASE_STRIP = YES;
				DEBUG_INFORMATION_FORMAT = "dwarf-with-dsym";
				ENABLE_NS_ASSERTIONS = NO;
				ENABLE_STRICT_OBJC_MSGSEND = YES;
				GCC_C_LANGUAGE_STANDARD = gnu99;
				GCC_WARN_64_TO_32_BIT_CONVERSION = YES;
				GCC_WARN_ABOUT_RETURN_TYPE = YES_ERROR;
				GCC_WARN_UNDECLARED_SELECTOR = YES;
				GCC_WARN_UNINITIALIZED_AUTOS = YES_AGGRESSIVE;
				GCC_WARN_UNUSED_FUNCTION = YES;
				GCC_WARN_UNUSED_VARIABLE = YES;
				MACOSX_DEPLOYMENT_TARGET = 10.10;
				MTL_ENABLE_DEBUG_INFO = NO;
				SDKROOT = macosx;
			};
			name = Release;
		};
		3E53B6CD1BBD82E700A405A6 /* Debug */ = {
			isa = XCBuildConfiguration;
			buildSettings = {
				PRODUCT_NAME = "$(TARGET_NAME)";
			};
			name = Debug;
		};
		3E53B6CE1BBD82E700A405A6 /* Release */ = {
			isa = XCBuildConfiguration;
			buildSettings = {
				PRODUCT_NAME = "$(TARGET_NAME)";
			};
			name = Release;
		};
/* End XCBuildConfiguration section */

/* Begin XCConfigurationList section */
		3E53B6C01BBD82E700A405A6 /* Build configuration list for PBXProject "SmartHome" */ = {
			isa = XCConfigurationList;
			buildConfigurations = (
				3E53B6CA1BBD82E700A405A6 /* Debug */,
				3E53B6CB1BBD82E700A405A6 /* Release */,
			);
			defaultConfigurationIsVisible = 0;
			defaultConfigurationName = Release;
		};
		3E53B6CC1BBD82E700A405A6 /* Build configuration list for PBXNativeTarget "SmartHome" */ = {
			isa = XCConfigurationList;
			buildConfigurations = (
				3E53B6CD1BBD82E700A405A6 /* Debug */,
				3E53B6CE1BBD82E700A405A6 /* Release */,
			);
			defaultConfigurationIsVisible = 0;
			defaultConfigurationName = Release;
		};
/* End XCConfigurationList section */
	};
	rootObject = 3E53B6BD1BBD82E700A405A6 /* Project object */;
}
